
Microsoft Visual Studio Solution File, Format Version 12.00
# Visual Studio Version 17
VisualStudioVersion = 17.8.34330.188
MinimumVisualStudioVersion = 10.0.40219.1
Project("{FAE04EC0-301F-11D3-BF4B-00C04F79EFBC}") = "PLCAsServer(ModbusTCP)", "PLCAsServer(ModbusTCP)\PLCAsServer(ModbusTCP).csproj", "{F4D27848-ECB9-49EA-93D0-876E6699EBBD}"
EndProject
Global
	GlobalSection(SolutionConfigurationPlatforms) = preSolution
		Debug|Any CPU = Debug|Any CPU
		Release|Any CPU = Release|Any CPU
	EndGlobalSection
	GlobalSection(ProjectConfigurationPlatforms) = postSolution
		{F4D27848-ECB9-49EA-93D0-876E6699EBBD}.Debug|Any CPU.ActiveCfg = Debug|Any CPU
		{F4D27848-ECB9-49EA-93D0-876E6699EBBD}.Debug|Any CPU.Build.0 = Debug|Any CPU
		{F4D27848-ECB9-49EA-93D0-876E6699EBBD}.Release|Any CPU.ActiveCfg = Release|Any CPU
		{F4D27848-ECB9-49EA-93D0-876E6699EBBD}.Release|Any CPU.Build.0 = Release|Any CPU
	EndGlobalSection
	GlobalSection(SolutionProperties) = preSolution
		HideSolutionNode = FALSE
	EndGlobalSection
	GlobalSection(ExtensibilityGlobals) = postSolution
		SolutionGuid = {176994ED-5B72-48E8-94AD-FB12B33EA60A}
	EndGlobalSection
EndGlobal
